
Microsoft Visual Studio Solution File, Format Version 12.00
# Visual Studio Version 17
VisualStudioVersion = 17.2.32616.157
MinimumVisualStudioVersion = 10.0.40219.1
Project("{9A19103F-16F7-4668-BE54-9A1E7A4F7556}") = "Seda.TaskDistrubuter.Dal", "Seda.TaskDistrubuter.Dal\Seda.TaskDistrubuter.Dal.csproj", "{8B5D04D6-814C-41E8-89B8-8B37D0C11AFA}"
EndProject
Project("{9A19103F-16F7-4668-BE54-9A1E7A4F7556}") = "Seda.MVC.UI", "Seda.MVC.UI\Seda.MVC.UI.csproj", "{F8D0343F-A8F1-476B-B62B-8150DE2076CB}"
EndProject
Global
	GlobalSection(SolutionConfigurationPlatforms) = preSolution
		Debug|Any CPU = Debug|Any CPU
		Release|Any CPU = Release|Any CPU
	EndGlobalSection
	GlobalSection(ProjectConfigurationPlatforms) = postSolution
		{8B5D04D6-814C-41E8-89B8-8B37D0C11AFA}.Debug|Any CPU.ActiveCfg = Debug|Any CPU
		{8B5D04D6-814C-41E8-89B8-8B37D0C11AFA}.Debug|Any CPU.Build.0 = Debug|Any CPU
		{8B5D04D6-814C-41E8-89B8-8B37D0C11AFA}.Release|Any CPU.ActiveCfg = Release|Any CPU
		{8B5D04D6-814C-41E8-89B8-8B37D0C11AFA}.Release|Any CPU.Build.0 = Release|Any CPU
		{F8D0343F-A8F1-476B-B62B-8150DE2076CB}.Debug|Any CPU.ActiveCfg = Debug|Any CPU
		{F8D0343F-A8F1-476B-B62B-8150DE2076CB}.Debug|Any CPU.Build.0 = Debug|Any CPU
		{F8D0343F-A8F1-476B-B62B-8150DE2076CB}.Release|Any CPU.ActiveCfg = Release|Any CPU
		{F8D0343F-A8F1-476B-B62B-8150DE2076CB}.Release|Any CPU.Build.0 = Release|Any CPU
	EndGlobalSection
	GlobalSection(SolutionProperties) = preSolution
		HideSolutionNode = FALSE
	EndGlobalSection
	GlobalSection(ExtensibilityGlobals) = postSolution
		SolutionGuid = {18FB596B-4821-4916-AF60-62B7AAD4A566}
	EndGlobalSection
EndGlobal
